
Microsoft Visual Studio Solution File, Format Version 12.00
# Visual Studio 15
VisualStudioVersion = 15.0.27428.2043
MinimumVisualStudioVersion = 10.0.40219.1
Project("{8BC9CEB8-8B4A-11D0-8D11-00A0C91BC942}") = "DLL Injection", "DLL Injection\DLL Injection.vcxproj", "{907BC464-5CAD-4179-ADAF-3A95FD0A698F}"
EndProject
Global
	GlobalSection(SolutionConfigurationPlatforms) = preSolution
		Debug|x64 = Debug|x64
		Debug|x86 = Debug|x86
		Release|x64 = Release|x64
		Release|x86 = Release|x86
	EndGlobalSection
	GlobalSection(ProjectConfigurationPlatforms) = postSolution
		{907BC464-5CAD-4179-ADAF-3A95FD0A698F}.Debug|x64.ActiveCfg = Debug|x64
		{907BC464-5CAD-4179-ADAF-3A95FD0A698F}.Debug|x64.Build.0 = Debug|x64
		{907BC464-5CAD-4179-ADAF-3A95FD0A698F}.Debug|x86.ActiveCfg = Debug|Win32
		{907BC464-5CAD-4179-ADAF-3A95FD0A698F}.Debug|x86.Build.0 = Debug|Win32
		{907BC464-5CAD-4179-ADAF-3A95FD0A698F}.Release|x64.ActiveCfg = Release|x64
		{907BC464-5CAD-4179-ADAF-3A95FD0A698F}.Release|x64.Build.0 = Release|x64
		{907BC464-5CAD-4179-ADAF-3A95FD0A698F}.Release|x86.ActiveCfg = Release|Win32
		{907BC464-5CAD-4179-ADAF-3A95FD0A698F}.Release|x86.Build.0 = Release|Win32
	EndGlobalSection
	GlobalSection(SolutionProperties) = preSolution
		HideSolutionNode = FALSE
	EndGlobalSection
	GlobalSection(ExtensibilityGlobals) = postSolution
		SolutionGuid = {3560A8A8-9766-4AF5-A5B8-BADD51061E24}
	EndGlobalSection
EndGlobal
